# THIS IS AN AUTOGENERATED FILE. DO NOT EDIT THIS FILE DIRECTLY.
# yarn lockfile v1


sanity@^2.33.2:
  version "2.33.2"
  resolved "https://registry.yarnpkg.com/sanity/-/sanity-2.33.2.tgz#7fb88a44b3834f8e6c371a00b21cd33f8e903322"
  integrity sha512-Bt4XzRbd/vxAAglEui4hYHcRXL9T+/yBWTK2EF6qLdGIV+lSd5i403I5M91C7H9o/k6EhaIDRSyNghwf/gh0/Q==
